
Microsoft Visual Studio Solution File, Format Version 12.00
# Visual Studio Version 16
VisualStudioVersion = 16.0.29728.190
MinimumVisualStudioVersion = 10.0.40219.1
Project("{8BC9CEB8-8B4A-11D0-8D11-00A0C91BC942}") = "ConsoleApplication1", "ConsoleApplication1\ConsoleApplication1.vcxproj", "{BEF3A9E3-EF2B-4327-B184-FBA794D05856}"
EndProject
Global
	GlobalSection(SolutionConfigurationPlatforms) = preSolution
		Debug|x64 = Debug|x64
		Debug|x86 = Debug|x86
		Release|x64 = Release|x64
		Release|x86 = Release|x86
	EndGlobalSection
	GlobalSection(ProjectConfigurationPlatforms) = postSolution
		{BEF3A9E3-EF2B-4327-B184-FBA794D05856}.Debug|x64.ActiveCfg = Debug|x64
		{BEF3A9E3-EF2B-4327-B184-FBA794D05856}.Debug|x64.Build.0 = Debug|x64
		{BEF3A9E3-EF2B-4327-B184-FBA794D05856}.Debug|x86.ActiveCfg = Debug|Win32
		{BEF3A9E3-EF2B-4327-B184-FBA794D05856}.Debug|x86.Build.0 = Debug|Win32
		{BEF3A9E3-EF2B-4327-B184-FBA794D05856}.Release|x64.ActiveCfg = Release|x64
		{BEF3A9E3-EF2B-4327-B184-FBA794D05856}.Release|x64.Build.0 = Release|x64
		{BEF3A9E3-EF2B-4327-B184-FBA794D05856}.Release|x86.ActiveCfg = Release|Win32
		{BEF3A9E3-EF2B-4327-B184-FBA794D05856}.Release|x86.Build.0 = Release|Win32
	EndGlobalSection
	GlobalSection(SolutionProperties) = preSolution
		HideSolutionNode = FALSE
	EndGlobalSection
	GlobalSection(ExtensibilityGlobals) = postSolution
		SolutionGuid = {BEA482C8-A86C-4A65-BD71-CFC567575208}
	EndGlobalSection
EndGlobal
